// !$*UTF8*$!
{
	archiveVersion = 1;
	classes = {
	};
	objectVersion = 46;
	objects = {

/* Begin PBXBuildFile section */
		F23EF73D1B8C0D6000B241A3 /* AppDelegate.swift in Sources */ = {isa = PBXBuildFile; fileRef = F23EF73C1B8C0D6000B241A3 /* AppDelegate.swift */; };
		F23EF73F1B8C0D6000B241A3 /* ViewController.swift in Sources */ = {isa = PBXBuildFile; fileRef = F23EF73E1B8C0D6000B241A3 /* ViewController.swift */; };
		F23EF7421B8C0D6000B241A3 /* Main.storyboard in Resources */ = {isa = PBXBuildFile; fileRef = F23EF7401B8C0D6000B241A3 /* Main.storyboard */; };
		F23EF7441B8C0D6000B241A3 /* Images.xcassets in Resources */ = {isa = PBXBuildFile; fileRef = F23EF7431B8C0D6000B241A3 /* Images.xcassets */; };
		F23EF7471B8C0D6000B241A3 /* LaunchScreen.xib in Resources */ = {isa = PBXBuildFile; fileRef = F23EF7451B8C0D6000B241A3 /* LaunchScreen.xib */; };
		F23EF7531B8C0D6000B241A3 /* LXGestureUnlockTests.swift in Sources */ = {isa = PBXBuildFile; fileRef = F23EF7521B8C0D6000B241A3 /* LXGestureUnlockTests.swift */; };
		F23EF75E1B8C0F7B00B241A3 /* LXGestureUnlockView.swift in Sources */ = {isa = PBXBuildFile; fileRef = F23EF75D1B8C0F7B00B241A3 /* LXGestureUnlockView.swift */; };
		F23EF76E1B8C688900B241A3 /* Constraint.swift in Sources */ = {isa = PBXBuildFile; fileRef = F23EF7601B8C688900B241A3 /* Constraint.swift */; };
		F23EF76F1B8C688900B241A3 /* ConstraintAttributes.swift in Sources */ = {isa = PBXBuildFile; fileRef = F23EF7611B8C688900B241A3 /* ConstraintAttributes.swift */; };
		F23EF7701B8C688900B241A3 /* ConstraintDescription.swift in Sources */ = {isa = PBXBuildFile; fileRef = F23EF7621B8C688900B241A3 /* ConstraintDescription.swift */; };
		F23EF7711B8C688900B241A3 /* ConstraintItem.swift in Sources */ = {isa = PBXBuildFile; fileRef = F23EF7631B8C688900B241A3 /* ConstraintItem.swift */; };
		F23EF7721B8C688900B241A3 /* ConstraintMaker.swift in Sources */ = {isa = PBXBuildFile; fileRef = F23EF7641B8C688900B241A3 /* ConstraintMaker.swift */; };
		F23EF7731B8C688900B241A3 /* ConstraintRelation.swift in Sources */ = {isa = PBXBuildFile; fileRef = F23EF7651B8C688900B241A3 /* ConstraintRelation.swift */; };
		F23EF7741B8C688900B241A3 /* Debugging.swift in Sources */ = {isa = PBXBuildFile; fileRef = F23EF7661B8C688900B241A3 /* Debugging.swift */; };
		F23EF7751B8C688900B241A3 /* EdgeInsets.swift in Sources */ = {isa = PBXBuildFile; fileRef = F23EF7671B8C688900B241A3 /* EdgeInsets.swift */; };
		F23EF7761B8C688900B241A3 /* Info.plist in Resources */ = {isa = PBXBuildFile; fileRef = F23EF7681B8C688900B241A3 /* Info.plist */; };
		F23EF7771B8C688900B241A3 /* LayoutConstraint.swift in Sources */ = {isa = PBXBuildFile; fileRef = F23EF7691B8C688900B241A3 /* LayoutConstraint.swift */; };
		F23EF7781B8C688900B241A3 /* SnapKit.swift in Sources */ = {isa = PBXBuildFile; fileRef = F23EF76B1B8C688900B241A3 /* SnapKit.swift */; };
		F23EF7791B8C688900B241A3 /* View+SnapKit.swift in Sources */ = {isa = PBXBuildFile; fileRef = F23EF76C1B8C688900B241A3 /* View+SnapKit.swift */; };
		F23EF77A1B8C688900B241A3 /* ViewController+SnapKit.swift in Sources */ = {isa = PBXBuildFile; fileRef = F23EF76D1B8C688900B241A3 /* ViewController+SnapKit.swift */; };
/* End PBXBuildFile section */

/* Begin PBXContainerItemProxy section */
		F23EF74D1B8C0D6000B241A3 /* PBXContainerItemProxy */ = {
			isa = PBXContainerItemProxy;
			containerPortal = F23EF72F1B8C0D6000B241A3 /* Project object */;
			proxyType = 1;
			remoteGlobalIDString = F23EF7361B8C0D6000B241A3;
			remoteInfo = LXGestureUnlock;
		};
/* End PBXContainerItemProxy section */

/* Begin PBXFileReference section */
		F23EF7371B8C0D6000B241A3 /* LXGestureUnlock.app */ = {isa = PBXFileReference; explicitFileType = wrapper.application; includeInIndex = 0; path = LXGestureUnlock.app; sourceTree = BUILT_PRODUCTS_DIR; };
		F23EF73B1B8C0D6000B241A3 /* Info.plist */ = {isa = PBXFileReference; lastKnownFileType = text.plist.xml; path = Info.plist; sourceTree = "<group>"; };
		F23EF73C1B8C0D6000B241A3 /* AppDelegate.swift */ = {isa = PBXFileReference; lastKnownFileType = sourcecode.swift; path = AppDelegate.swift; sourceTree = "<group>"; };
		F23EF73E1B8C0D6000B241A3 /* ViewController.swift */ = {isa = PBXFileReference; lastKnownFileType = sourcecode.swift; path = ViewController.swift; sourceTree = "<group>"; };
		F23EF7411B8C0D6000B241A3 /* Base */ = {isa = PBXFileReference; lastKnownFileType = file.storyboard; name = Base; path = Base.lproj/Main.storyboard; sourceTree = "<group>"; };
		F23EF7431B8C0D6000B241A3 /* Images.xcassets */ = {isa = PBXFileReference; lastKnownFileType = folder.assetcatalog; path = Images.xcassets; sourceTree = "<group>"; };
		F23EF7461B8C0D6000B241A3 /* Base */ = {isa = PBXFileReference; lastKnownFileType = file.xib; name = Base; path = Base.lproj/LaunchScreen.xib; sourceTree = "<group>"; };
		F23EF74C1B8C0D6000B241A3 /* LXGestureUnlockTests.xctest */ = {isa = PBXFileReference; explicitFileType = wrapper.cfbundle; includeInIndex = 0; path = LXGestureUnlockTests.xctest; sourceTree = BUILT_PRODUCTS_DIR; };
		F23EF7511B8C0D6000B241A3 /* Info.plist */ = {isa = PBXFileReference; lastKnownFileType = text.plist.xml; path = Info.plist; sourceTree = "<group>"; };
		F23EF7521B8C0D6000B241A3 /* LXGestureUnlockTests.swift */ = {isa = PBXFileReference; lastKnownFileType = sourcecode.swift; path = LXGestureUnlockTests.swift; sourceTree = "<group>"; };
		F23EF75D1B8C0F7B00B241A3 /* LXGestureUnlockView.swift */ = {isa = PBXFileReference; fileEncoding = 4; lastKnownFileType = sourcecode.swift; path = LXGestureUnlockView.swift; sourceTree = "<group>"; };
		F23EF7601B8C688900B241A3 /* Constraint.swift */ = {isa = PBXFileReference; fileEncoding = 4; lastKnownFileType = sourcecode.swift; path = Constraint.swift; sourceTree = "<group>"; };
		F23EF7611B8C688900B241A3 /* ConstraintAttributes.swift */ = {isa = PBXFileReference; fileEncoding = 4; lastKnownFileType = sourcecode.swift; path = ConstraintAttributes.swift; sourceTree = "<group>"; };
		F23EF7621B8C688900B241A3 /* ConstraintDescription.swift */ = {isa = PBXFileReference; fileEncoding = 4; lastKnownFileType = sourcecode.swift; path = ConstraintDescription.swift; sourceTree = "<group>"; };
		F23EF7631B8C688900B241A3 /* ConstraintItem.swift */ = {isa = PBXFileReference; fileEncoding = 4; lastKnownFileType = sourcecode.swift; path = ConstraintItem.swift; sourceTree = "<group>"; };
		F23EF7641B8C688900B241A3 /* ConstraintMaker.swift */ = {isa = PBXFileReference; fileEncoding = 4; lastKnownFileType = sourcecode.swift; path = ConstraintMaker.swift; sourceTree = "<group>"; };
		F23EF7651B8C688900B241A3 /* ConstraintRelation.swift */ = {isa = PBXFileReference; fileEncoding = 4; lastKnownFileType = sourcecode.swift; path = ConstraintRelation.swift; sourceTree = "<group>"; };
		F23EF7661B8C688900B241A3 /* Debugging.swift */ = {isa = PBXFileReference; fileEncoding = 4; lastKnownFileType = sourcecode.swift; path = Debugging.swift; sourceTree = "<group>"; };
		F23EF7671B8C688900B241A3 /* EdgeInsets.swift */ = {isa = PBXFileReference; fileEncoding = 4; lastKnownFileType = sourcecode.swift; path = EdgeInsets.swift; sourceTree = "<group>"; };
		F23EF7681B8C688900B241A3 /* Info.plist */ = {isa = PBXFileReference; fileEncoding = 4; lastKnownFileType = text.plist.xml; path = Info.plist; sourceTree = "<group>"; };
		F23EF7691B8C688900B241A3 /* LayoutConstraint.swift */ = {isa = PBXFileReference; fileEncoding = 4; lastKnownFileType = sourcecode.swift; path = LayoutConstraint.swift; sourceTree = "<group>"; };
		F23EF76A1B8C688900B241A3 /* SnapKit.h */ = {isa = PBXFileReference; fileEncoding = 4; lastKnownFileType = sourcecode.c.h; path = SnapKit.h; sourceTree = "<group>"; };
		F23EF76B1B8C688900B241A3 /* SnapKit.swift */ = {isa = PBXFileReference; fileEncoding = 4; lastKnownFileType = sourcecode.swift; path = SnapKit.swift; sourceTree = "<group>"; };
		F23EF76C1B8C688900B241A3 /* View+SnapKit.swift */ = {isa = PBXFileReference; fileEncoding = 4; lastKnownFileType = sourcecode.swift; path = "View+SnapKit.swift"; sourceTree = "<group>"; };
		F23EF76D1B8C688900B241A3 /* ViewController+SnapKit.swift */ = {isa = PBXFileReference; fileEncoding = 4; lastKnownFileType = sourcecode.swift; path = "ViewController+SnapKit.swift"; sourceTree = "<group>"; };
/* End PBXFileReference section */

/* Begin PBXFrameworksBuildPhase section */
		F23EF7341B8C0D6000B241A3 /* Frameworks */ = {
			isa = PBXFrameworksBuildPhase;
			buildActionMask = 2147483647;
			files = (
			);
			runOnlyForDeploymentPostprocessing = 0;
		};
		F23EF7491B8C0D6000B241A3 /* Frameworks */ = {
			isa = PBXFrameworksBuildPhase;
			buildActionMask = 2147483647;
			files = (
			);
			runOnlyForDeploymentPostprocessing = 0;
		};
/* End PBXFrameworksBuildPhase section */

/* Begin PBXGroup section */
		F23EF72E1B8C0D6000B241A3 = {
			isa = PBXGroup;
			children = (
				F23EF7391B8C0D6000B241A3 /* LXGestureUnlock */,
				F23EF74F1B8C0D6000B241A3 /* LXGestureUnlockTests */,
				F23EF7381B8C0D6000B241A3 /* Products */,
			);
			sourceTree = "<group>";
		};
		F23EF7381B8C0D6000B241A3 /* Products */ = {
			isa = PBXGroup;
			children = (
				F23EF7371B8C0D6000B241A3 /* LXGestureUnlock.app */,
				F23EF74C1B8C0D6000B241A3 /* LXGestureUnlockTests.xctest */,
			);
			name = Products;
			sourceTree = "<group>";
		};
		F23EF7391B8C0D6000B241A3 /* LXGestureUnlock */ = {
			isa = PBXGroup;
			children = (
				F23EF75C1B8C0F5400B241A3 /* GestureUnlockView */,
				F23EF73C1B8C0D6000B241A3 /* AppDelegate.swift */,
				F23EF73E1B8C0D6000B241A3 /* ViewController.swift */,
				F23EF7401B8C0D6000B241A3 /* Main.storyboard */,
				F23EF7431B8C0D6000B241A3 /* Images.xcassets */,
				F23EF7451B8C0D6000B241A3 /* LaunchScreen.xib */,
				F23EF75F1B8C688900B241A3 /* SnapKit */,
				F23EF73A1B8C0D6000B241A3 /* Supporting Files */,
			);
			path = LXGestureUnlock;
			sourceTree = "<group>";
		};
		F23EF73A1B8C0D6000B241A3 /* Supporting Files */ = {
			isa = PBXGroup;
			children = (
				F23EF73B1B8C0D6000B241A3 /* Info.plist */,
			);
			name = "Supporting Files";
			sourceTree = "<group>";
		};
		F23EF74F1B8C0D6000B241A3 /* LXGestureUnlockTests */ = {
			isa = PBXGroup;
			children = (
				F23EF7521B8C0D6000B241A3 /* LXGestureUnlockTests.swift */,
				F23EF7501B8C0D6000B241A3 /* Supporting Files */,
			);
			path = LXGestureUnlockTests;
			sourceTree = "<group>";
		};
		F23EF7501B8C0D6000B241A3 /* Supporting Files */ = {
			isa = PBXGroup;
			children = (
				F23EF7511B8C0D6000B241A3 /* Info.plist */,
			);
			name = "Supporting Files";
			sourceTree = "<group>";
		};
		F23EF75C1B8C0F5400B241A3 /* GestureUnlockView */ = {
			isa = PBXGroup;
			children = (
				F23EF75D1B8C0F7B00B241A3 /* LXGestureUnlockView.swift */,
			);
			path = GestureUnlockView;
			sourceTree = "<group>";
		};
		F23EF75F1B8C688900B241A3 /* SnapKit */ = {
			isa = PBXGroup;
			children = (
				F23EF7601B8C688900B241A3 /* Constraint.swift */,
				F23EF7611B8C688900B241A3 /* ConstraintAttributes.swift */,
				F23EF7621B8C688900B241A3 /* ConstraintDescription.swift */,
				F23EF7631B8C688900B241A3 /* ConstraintItem.swift */,
				F23EF7641B8C688900B241A3 /* ConstraintMaker.swift */,
				F23EF7651B8C688900B241A3 /* ConstraintRelation.swift */,
				F23EF7661B8C688900B241A3 /* Debugging.swift */,
				F23EF7671B8C688900B241A3 /* EdgeInsets.swift */,
				F23EF7681B8C688900B241A3 /* Info.plist */,
				F23EF7691B8C688900B241A3 /* LayoutConstraint.swift */,
				F23EF76A1B8C688900B241A3 /* SnapKit.h */,
				F23EF76B1B8C688900B241A3 /* SnapKit.swift */,
				F23EF76C1B8C688900B241A3 /* View+SnapKit.swift */,
				F23EF76D1B8C688900B241A3 /* ViewController+SnapKit.swift */,
			);
			name = SnapKit;
			path = Source;
			sourceTree = "<group>";
		};
/* End PBXGroup section */

/* Begin PBXNativeTarget section */
		F23EF7361B8C0D6000B241A3 /* LXGestureUnlock */ = {
			isa = PBXNativeTarget;
			buildConfigurationList = F23EF7561B8C0D6000B241A3 /* Build configuration list for PBXNativeTarget "LXGestureUnlock" */;
			buildPhases = (
				F23EF7331B8C0D6000B241A3 /* Sources */,
				F23EF7341B8C0D6000B241A3 /* Frameworks */,
				F23EF7351B8C0D6000B241A3 /* Resources */,
			);
			buildRules = (
			);
			dependencies = (
			);
			name = LXGestureUnlock;
			productName = LXGestureUnlock;
			productReference = F23EF7371B8C0D6000B241A3 /* LXGestureUnlock.app */;
			productType = "com.apple.product-type.application";
		};
		F23EF74B1B8C0D6000B241A3 /* LXGestureUnlockTests */ = {
			isa = PBXNativeTarget;
			buildConfigurationList = F23EF7591B8C0D6000B241A3 /* Build configuration list for PBXNativeTarget "LXGestureUnlockTests" */;
			buildPhases = (
				F23EF7481B8C0D6000B241A3 /* Sources */,
				F23EF7491B8C0D6000B241A3 /* Frameworks */,
				F23EF74A1B8C0D6000B241A3 /* Resources */,
			);
			buildRules = (
			);
			dependencies = (
				F23EF74E1B8C0D6000B241A3 /* PBXTargetDependency */,
			);
			name = LXGestureUnlockTests;
			productName = LXGestureUnlockTests;
			productReference = F23EF74C1B8C0D6000B241A3 /* LXGestureUnlockTests.xctest */;
			productType = "com.apple.product-type.bundle.unit-test";
		};
/* End PBXNativeTarget section */

/* Begin PBXProject section */
		F23EF72F1B8C0D6000B241A3 /* Project object */ = {
			isa = PBXProject;
			attributes = {
				LastUpgradeCheck = 0640;
				ORGANIZATIONNAME = "李潇";
				TargetAttributes = {
					F23EF7361B8C0D6000B241A3 = {
						CreatedOnToolsVersion = 6.4;
					};
					F23EF74B1B8C0D6000B241A3 = {
						CreatedOnToolsVersion = 6.4;
						TestTargetID = F23EF7361B8C0D6000B241A3;
					};
				};
			};
			buildConfigurationList = F23EF7321B8C0D6000B241A3 /* Build configuration list for PBXProject "LXGestureUnlock" */;
			compatibilityVersion = "Xcode 3.2";
			developmentRegion = English;
			hasScannedForEncodings = 0;
			knownRegions = (
				en,
				Base,
			);
			mainGroup = F23EF72E1B8C0D6000B241A3;
			productRefGroup = F23EF7381B8C0D6000B241A3 /* Products */;
			projectDirPath = "";
			projectRoot = "";
			targets = (
				F23EF7361B8C0D6000B241A3 /* LXGestureUnlock */,
				F23EF74B1B8C0D6000B241A3 /* LXGestureUnlockTests */,
			);
		};
/* End PBXProject section */

/* Begin PBXResourcesBuildPhase section */
		F23EF7351B8C0D6000B241A3 /* Resources */ = {
			isa = PBXResourcesBuildPhase;
			buildActionMask = 2147483647;
			files = (
				F23EF7761B8C688900B241A3 /* Info.plist in Resources */,
				F23EF7421B8C0D6000B241A3 /* Main.storyboard in Resources */,
				F23EF7471B8C0D6000B241A3 /* LaunchScreen.xib in Resources */,
				F23EF7441B8C0D6000B241A3 /* Images.xcassets in Resources */,
			);
			runOnlyForDeploymentPostprocessing = 0;
		};
		F23EF74A1B8C0D6000B241A3 /* Resources */ = {
			isa = PBXResourcesBuildPhase;
			buildActionMask = 2147483647;
			files = (
			);
			runOnlyForDeploymentPostprocessing = 0;
		};
/* End PBXResourcesBuildPhase section */

/* Begin PBXSourcesBuildPhase section */
		F23EF7331B8C0D6000B241A3 /* Sources */ = {
			isa = PBXSourcesBuildPhase;
			buildActionMask = 2147483647;
			files = (
				F23EF7711B8C688900B241A3 /* ConstraintItem.swift in Sources */,
				F23EF7731B8C688900B241A3 /* ConstraintRelation.swift in Sources */,
				F23EF7781B8C688900B241A3 /* SnapKit.swift in Sources */,
				F23EF7741B8C688900B241A3 /* Debugging.swift in Sources */,
				F23EF7751B8C688900B241A3 /* EdgeInsets.swift in Sources */,
				F23EF7791B8C688900B241A3 /* View+SnapKit.swift in Sources */,
				F23EF76E1B8C688900B241A3 /* Constraint.swift in Sources */,
				F23EF73F1B8C0D6000B241A3 /* ViewController.swift in Sources */,
				F23EF75E1B8C0F7B00B241A3 /* LXGestureUnlockView.swift in Sources */,
				F23EF76F1B8C688900B241A3 /* ConstraintAttributes.swift in Sources */,
				F23EF7771B8C688900B241A3 /* LayoutConstraint.swift in Sources */,
				F23EF7721B8C688900B241A3 /* ConstraintMaker.swift in Sources */,
				F23EF73D1B8C0D6000B241A3 /* AppDelegate.swift in Sources */,
				F23EF77A1B8C688900B241A3 /* ViewController+SnapKit.swift in Sources */,
				F23EF7701B8C688900B241A3 /* ConstraintDescription.swift in Sources */,
			);
			runOnlyForDeploymentPostprocessing = 0;
		};
		F23EF7481B8C0D6000B241A3 /* Sources */ = {
			isa = PBXSourcesBuildPhase;
			buildActionMask = 2147483647;
			files = (
				F23EF7531B8C0D6000B241A3 /* LXGestureUnlockTests.swift in Sources */,
			);
			runOnlyForDeploymentPostprocessing = 0;
		};
/* End PBXSourcesBuildPhase section */

/* Begin PBXTargetDependency section */
		F23EF74E1B8C0D6000B241A3 /* PBXTargetDependency */ = {
			isa = PBXTargetDependency;
			target = F23EF7361B8C0D6000B241A3 /* LXGestureUnlock */;
			targetProxy = F23EF74D1B8C0D6000B241A3 /* PBXContainerItemProxy */;
		};
/* End PBXTargetDependency section */

/* Begin PBXVariantGroup section */
		F23EF7401B8C0D6000B241A3 /* Main.storyboard */ = {
			isa = PBXVariantGroup;
			children = (
				F23EF7411B8C0D6000B241A3 /* Base */,
			);
			name = Main.storyboard;
			sourceTree = "<group>";
		};
		F23EF7451B8C0D6000B241A3 /* LaunchScreen.xib */ = {
			isa = PBXVariantGroup;
			children = (
				F23EF7461B8C0D6000B241A3 /* Base */,
			);
			name = LaunchScreen.xib;
			sourceTree = "<group>";
		};
/* End PBXVariantGroup section */

/* Begin XCBuildConfiguration section */
		F23EF7541B8C0D6000B241A3 /* Debug */ = {
			isa = XCBuildConfiguration;
			buildSettings = {
				ALWAYS_SEARCH_USER_PATHS = NO;
				CLANG_CXX_LANGUAGE_STANDARD = "gnu++0x";
				CLANG_CXX_LIBRARY = "libc++";
				CLANG_ENABLE_MODULES = YES;
				CLANG_ENABLE_OBJC_ARC = YES;
				CLANG_WARN_BOOL_CONVERSION = YES;
				CLANG_WARN_CONSTANT_CONVERSION = YES;
				CLANG_WARN_DIRECT_OBJC_ISA_USAGE = YES_ERROR;
				CLANG_WARN_EMPTY_BODY = YES;
				CLANG_WARN_ENUM_CONVERSION = YES;
				CLANG_WARN_INT_CONVERSION = YES;
				CLANG_WARN_OBJC_ROOT_CLASS = YES_ERROR;
				CLANG_WARN_UNREACHABLE_CODE = YES;
				CLANG_WARN__DUPLICATE_METHOD_MATCH = YES;
				"CODE_SIGN_IDENTITY[sdk=iphoneos*]" = "iPhone Developer";
				COPY_PHASE_STRIP = NO;
				DEBUG_INFORMATION_FORMAT = "dwarf-with-dsym";
				ENABLE_STRICT_OBJC_MSGSEND = YES;
				GCC_C_LANGUAGE_STANDARD = gnu99;
				GCC_DYNAMIC_NO_PIC = NO;
				GCC_NO_COMMON_BLOCKS = YES;
				GCC_OPTIMIZATION_LEVEL = 0;
				GCC_PREPROCESSOR_DEFINITIONS = (
					"DEBUG=1",
					"$(inherited)",
				);
				GCC_SYMBOLS_PRIVATE_EXTERN = NO;
				GCC_WARN_64_TO_32_BIT_CONVERSION = YES;
				GCC_WARN_ABOUT_RETURN_TYPE = YES_ERROR;
				GCC_WARN_UNDECLARED_SELECTOR = YES;
				GCC_WARN_UNINITIALIZED_AUTOS = YES_AGGRESSIVE;
				GCC_WARN_UNUSED_FUNCTION = YES;
				GCC_WARN_UNUSED_VARIABLE = YES;
				IPHONEOS_DEPLOYMENT_TARGET = 8.4;
				MTL_ENABLE_DEBUG_INFO = YES;
				ONLY_ACTIVE_ARCH = YES;
				SDKROOT = iphoneos;
				SWIFT_OPTIMIZATION_LEVEL = "-Onone";
			};
			name = Debug;
		};
		F23EF7551B8C0D6000B241A3 /* Release */ = {
			isa = XCBuildConfiguration;
			buildSettings = {
				ALWAYS_SEARCH_USER_PATHS = NO;
				CLANG_CXX_LANGUAGE_STANDARD = "gnu++0x";
				CLANG_CXX_LIBRARY = "libc++";
				CLANG_ENABLE_MODULES = YES;
				CLANG_ENABLE_OBJC_ARC = YES;
				CLANG_WARN_BOOL_CONVERSION = YES;
				CLANG_WARN_CONSTANT_CONVERSION = YES;
				CLANG_WARN_DIRECT_OBJC_ISA_USAGE = YES_ERROR;
				CLANG_WARN_EMPTY_BODY = YES;
				CLANG_WARN_ENUM_CONVERSION = YES;
				CLANG_WARN_INT_CONVERSION = YES;
				CLANG_WARN_OBJC_ROOT_CLASS = YES_ERROR;
				CLANG_WARN_UNREACHABLE_CODE = YES;
				CLANG_WARN__DUPLICATE_METHOD_MATCH = YES;
				"CODE_SIGN_IDENTITY[sdk=iphoneos*]" = "iPhone Developer";
				COPY_PHASE_STRIP = NO;
				DEBUG_INFORMATION_FORMAT = "dwarf-with-dsym";
				ENABLE_NS_ASSERTIONS = NO;
				ENABLE_STRICT_OBJC_MSGSEND = YES;
				GCC_C_LANGUAGE_STANDARD = gnu99;
				GCC_NO_COMMON_BLOCKS = YES;
				GCC_WARN_64_TO_32_BIT_CONVERSION = YES;
				GCC_WARN_ABOUT_RETURN_TYPE = YES_ERROR;
				GCC_WARN_UNDECLARED_SELECTOR = YES;
				GCC_WARN_UNINITIALIZED_AUTOS = YES_AGGRESSIVE;
				GCC_WARN_UNUSED_FUNCTION = YES;
				GCC_WARN_UNUSED_VARIABLE = YES;
				IPHONEOS_DEPLOYMENT_TARGET = 8.4;
				MTL_ENABLE_DEBUG_INFO = NO;
				SDKROOT = iphoneos;
				VALIDATE_PRODUCT = YES;
			};
			name = Release;
		};
		F23EF7571B8C0D6000B241A3 /* Debug */ = {
			isa = XCBuildConfiguration;
			buildSettings = {
				ASSETCATALOG_COMPILER_APPICON_NAME = AppIcon;
				INFOPLIST_FILE = LXGestureUnlock/Info.plist;
				LD_RUNPATH_SEARCH_PATHS = "$(inherited) @executable_path/Frameworks";
				PRODUCT_NAME = "$(TARGET_NAME)";
			};
			name = Debug;
		};
		F23EF7581B8C0D6000B241A3 /* Release */ = {
			isa = XCBuildConfiguration;
			buildSettings = {
				ASSETCATALOG_COMPILER_APPICON_NAME = AppIcon;
				INFOPLIST_FILE = LXGestureUnlock/Info.plist;
				LD_RUNPATH_SEARCH_PATHS = "$(inherited) @executable_path/Frameworks";
				PRODUCT_NAME = "$(TARGET_NAME)";
			};
			name = Release;
		};
		F23EF75A1B8C0D6000B241A3 /* Debug */ = {
			isa = XCBuildConfiguration;
			buildSettings = {
				BUNDLE_LOADER = "$(TEST_HOST)";
				FRAMEWORK_SEARCH_PATHS = (
					"$(SDKROOT)/Developer/Library/Frameworks",
					"$(inherited)",
				);
				GCC_PREPROCESSOR_DEFINITIONS = (
					"DEBUG=1",
					"$(inherited)",
				);
				INFOPLIST_FILE = LXGestureUnlockTests/Info.plist;
				LD_RUNPATH_SEARCH_PATHS = "$(inherited) @executable_path/Frameworks @loader_path/Frameworks";
				PRODUCT_NAME = "$(TARGET_NAME)";
				TEST_HOST = "$(BUILT_PRODUCTS_DIR)/LXGestureUnlock.app/LXGestureUnlock";
			};
			name = Debug;
		};
		F23EF75B1B8C0D6000B241A3 /* Release */ = {
			isa = XCBuildConfiguration;
			buildSettings = {
				BUNDLE_LOADER = "$(TEST_HOST)";
				FRAMEWORK_SEARCH_PATHS = (
					"$(SDKROOT)/Developer/Library/Frameworks",
					"$(inherited)",
				);
				INFOPLIST_FILE = LXGestureUnlockTests/Info.plist;
				LD_RUNPATH_SEARCH_PATHS = "$(inherited) @executable_path/Frameworks @loader_path/Frameworks";
				PRODUCT_NAME = "$(TARGET_NAME)";
				TEST_HOST = "$(BUILT_PRODUCTS_DIR)/LXGestureUnlock.app/LXGestureUnlock";
			};
			name = Release;
		};
/* End XCBuildConfiguration section */

/* Begin XCConfigurationList section */
		F23EF7321B8C0D6000B241A3 /* Build configuration list for PBXProject "LXGestureUnlock" */ = {
			isa = XCConfigurationList;
			buildConfigurations = (
				F23EF7541B8C0D6000B241A3 /* Debug */,
				F23EF7551B8C0D6000B241A3 /* Release */,
			);
			defaultConfigurationIsVisible = 0;
			defaultConfigurationName = Release;
		};
		F23EF7561B8C0D6000B241A3 /* Build configuration list for PBXNativeTarget "LXGestureUnlock" */ = {
			isa = XCConfigurationList;
			buildConfigurations = (
				F23EF7571B8C0D6000B241A3 /* Debug */,
				F23EF7581B8C0D6000B241A3 /* Release */,
			);
			defaultConfigurationIsVisible = 0;
		};
		F23EF7591B8C0D6000B241A3 /* Build configuration list for PBXNativeTarget "LXGestureUnlockTests" */ = {
			isa = XCConfigurationList;
			buildConfigurations = (
				F23EF75A1B8C0D6000B241A3 /* Debug */,
				F23EF75B1B8C0D6000B241A3 /* Release */,
			);
			defaultConfigurationIsVisible = 0;
		};
/* End XCConfigurationList section */
	};
	rootObject = F23EF72F1B8C0D6000B241A3 /* Project object */;
}
